// !$*UTF8*$!
{
	archiveVersion = 1;
	classes = {
	};
	objectVersion = 46;
	objects = {

/* Begin PBXBuildFile section */
		6534F0BC1B17C6B90098FB87 /* Realm.framework in Frameworks */ = {isa = PBXBuildFile; fileRef = 6534F0BA1B17C6B90098FB87 /* Realm.framework */; };
		6534F0BD1B17C6B90098FB87 /* Realm.framework in Embed Frameworks */ = {isa = PBXBuildFile; fileRef = 6534F0BA1B17C6B90098FB87 /* Realm.framework */; settings = {ATTRIBUTES = (CodeSignOnCopy, RemoveHeadersOnCopy, ); }; };
		6534F0BE1B17C6B90098FB87 /* RealmSwift.framework in Frameworks */ = {isa = PBXBuildFile; fileRef = 6534F0BB1B17C6B90098FB87 /* RealmSwift.framework */; };
		6534F0BF1B17C6B90098FB87 /* RealmSwift.framework in Embed Frameworks */ = {isa = PBXBuildFile; fileRef = 6534F0BB1B17C6B90098FB87 /* RealmSwift.framework */; settings = {ATTRIBUTES = (CodeSignOnCopy, RemoveHeadersOnCopy, ); }; };
		6534F0C11B17C6CD0098FB87 /* libc++.dylib in Frameworks */ = {isa = PBXBuildFile; fileRef = 6534F0C01B17C6CD0098FB87 /* libc++.dylib */; };
		654BA53E1A5B8367007B3B53 /* Bodypart.json in Resources */ = {isa = PBXBuildFile; fileRef = 654BA53D1A5B8367007B3B53 /* Bodypart.json */; };
		654BA5401A5B83DD007B3B53 /* CoreDataStack.swift in Sources */ = {isa = PBXBuildFile; fileRef = 654BA53F1A5B83DD007B3B53 /* CoreDataStack.swift */; };
		656132AD1A50B06B0036689C /* AppDelegate.swift in Sources */ = {isa = PBXBuildFile; fileRef = 656132AC1A50B06B0036689C /* AppDelegate.swift */; };
		656132B01A50B06B0036689C /* LiftTracker.xcdatamodeld in Sources */ = {isa = PBXBuildFile; fileRef = 656132AE1A50B06B0036689C /* LiftTracker.xcdatamodeld */; };
		656132B21A50B06B0036689C /* BodypartController.swift in Sources */ = {isa = PBXBuildFile; fileRef = 656132B11A50B06B0036689C /* BodypartController.swift */; };
		656132B51A50B06B0036689C /* Main.storyboard in Resources */ = {isa = PBXBuildFile; fileRef = 656132B31A50B06B0036689C /* Main.storyboard */; };
		656132BA1A50B06B0036689C /* LaunchScreen.xib in Resources */ = {isa = PBXBuildFile; fileRef = 656132B81A50B06B0036689C /* LaunchScreen.xib */; };
		656132C61A50B06B0036689C /* CoreDataTests.swift in Sources */ = {isa = PBXBuildFile; fileRef = 656132C51A50B06B0036689C /* CoreDataTests.swift */; };
		656132D01A50B2940036689C /* BodypartCell.swift in Sources */ = {isa = PBXBuildFile; fileRef = 656132CF1A50B2940036689C /* BodypartCell.swift */; };
		656132D21A50B2B60036689C /* ExerciseCell.swift in Sources */ = {isa = PBXBuildFile; fileRef = 656132D11A50B2B60036689C /* ExerciseCell.swift */; };
		656132D41A50B8E70036689C /* ExerciseController.swift in Sources */ = {isa = PBXBuildFile; fileRef = 656132D31A50B8E70036689C /* ExerciseController.swift */; };
		656132D61A50C1270036689C /* ExerciseHeaderView.swift in Sources */ = {isa = PBXBuildFile; fileRef = 656132D51A50C1270036689C /* ExerciseHeaderView.swift */; };
		656132D81A50C4EB0036689C /* LogEntryController.swift in Sources */ = {isa = PBXBuildFile; fileRef = 656132D71A50C4EB0036689C /* LogEntryController.swift */; };
		656132DA1A50D1070036689C /* LogEntryCell.swift in Sources */ = {isa = PBXBuildFile; fileRef = 656132D91A50D1070036689C /* LogEntryCell.swift */; };
		656132DC1A50D30A0036689C /* LogEntryHeaderView.swift in Sources */ = {isa = PBXBuildFile; fileRef = 656132DB1A50D30A0036689C /* LogEntryHeaderView.swift */; };
		6574F65D1A806672007434C8 /* Exercise.json in Resources */ = {isa = PBXBuildFile; fileRef = 6574F65C1A806672007434C8 /* Exercise.json */; };
		6574F65F1A80731D007434C8 /* BodypartExercise.json in Resources */ = {isa = PBXBuildFile; fileRef = 6574F65E1A80731D007434C8 /* BodypartExercise.json */; };
		658108931A5AA80800A1D380 /* Media.xcassets in Resources */ = {isa = PBXBuildFile; fileRef = 658108921A5AA80800A1D380 /* Media.xcassets */; };
		659163701B1BEF950087244E /* AF+Date+Extension.swift in Sources */ = {isa = PBXBuildFile; fileRef = 6591636F1B1BEF950087244E /* AF+Date+Extension.swift */; };
		659163721B1BF12F0087244E /* AF+Date+Extension.swift in Sources */ = {isa = PBXBuildFile; fileRef = 6591636F1B1BEF950087244E /* AF+Date+Extension.swift */; };
		659163761B1C05D00087244E /* SwiftyJSON.swift in Sources */ = {isa = PBXBuildFile; fileRef = 659163751B1C05D00087244E /* SwiftyJSON.swift */; };
		659163771B1C06FE0087244E /* SwiftyJSON.swift in Sources */ = {isa = PBXBuildFile; fileRef = 659163751B1C05D00087244E /* SwiftyJSON.swift */; };
		659163791B1C09E70087244E /* Exercise.json in Resources */ = {isa = PBXBuildFile; fileRef = 6574F65C1A806672007434C8 /* Exercise.json */; };
		659A4A711A9569B10042F6DF /* Exercise.swift in Sources */ = {isa = PBXBuildFile; fileRef = 659A4A701A9569B10042F6DF /* Exercise.swift */; };
		659A4A731A9569B20042F6DF /* Bodypart.swift in Sources */ = {isa = PBXBuildFile; fileRef = 659A4A721A9569B20042F6DF /* Bodypart.swift */; };
		659A4A751A9569F10042F6DF /* CoreData+Extensions.swift in Sources */ = {isa = PBXBuildFile; fileRef = 659A4A741A9569F10042F6DF /* CoreData+Extensions.swift */; };
		65A884B41B2919790024EEA1 /* FirebaseHelper.swift in Sources */ = {isa = PBXBuildFile; fileRef = 65A884B31B2919790024EEA1 /* FirebaseHelper.swift */; };
		65A884B51B2919790024EEA1 /* FirebaseHelper.swift in Sources */ = {isa = PBXBuildFile; fileRef = 65A884B31B2919790024EEA1 /* FirebaseHelper.swift */; };
		65A884B71B291C090024EEA1 /* libicucore.dylib in Frameworks */ = {isa = PBXBuildFile; fileRef = 65A884B61B291C090024EEA1 /* libicucore.dylib */; };
		65A884B91B291C1D0024EEA1 /* CFNetwork.framework in Frameworks */ = {isa = PBXBuildFile; fileRef = 65A884B81B291C1D0024EEA1 /* CFNetwork.framework */; };
		65A884BB1B291C270024EEA1 /* Security.framework in Frameworks */ = {isa = PBXBuildFile; fileRef = 65A884BA1B291C270024EEA1 /* Security.framework */; };
		65A884BD1B291C330024EEA1 /* SystemConfiguration.framework in Frameworks */ = {isa = PBXBuildFile; fileRef = 65A884BC1B291C330024EEA1 /* SystemConfiguration.framework */; };
		65A884C11B291CF40024EEA1 /* Firebase.framework in Frameworks */ = {isa = PBXBuildFile; fileRef = 65A884C01B291CF40024EEA1 /* Firebase.framework */; };
		65A884C21B291CF40024EEA1 /* Firebase.framework in Frameworks */ = {isa = PBXBuildFile; fileRef = 65A884C01B291CF40024EEA1 /* Firebase.framework */; };
		65A884C61B291F980024EEA1 /* FirebaseTests.swift in Sources */ = {isa = PBXBuildFile; fileRef = 65A884C41B291F980024EEA1 /* FirebaseTests.swift */; };
		65AC65B31B17C8B90072364E /* RealmModel.swift in Sources */ = {isa = PBXBuildFile; fileRef = 65AC65B21B17C8B90072364E /* RealmModel.swift */; };
		65AC65B51B17CA110072364E /* RealmTests.swift in Sources */ = {isa = PBXBuildFile; fileRef = 65AC65B41B17CA110072364E /* RealmTests.swift */; };
		65AC65E41B17CD5D0072364E /* RealmModel.swift in Sources */ = {isa = PBXBuildFile; fileRef = 65AC65B21B17C8B90072364E /* RealmModel.swift */; };
		65C1C9281A5204710088A2DB /* 1091-weights.png in Resources */ = {isa = PBXBuildFile; fileRef = 65C1C9251A5204710088A2DB /* 1091-weights.png */; };
		65C1C9291A5204710088A2DB /* 1091-weights@2x.png in Resources */ = {isa = PBXBuildFile; fileRef = 65C1C9261A5204710088A2DB /* 1091-weights@2x.png */; };
		65C1C92A1A5204710088A2DB /* 1091-weights@3x.png in Resources */ = {isa = PBXBuildFile; fileRef = 65C1C9271A5204710088A2DB /* 1091-weights@3x.png */; };
		65C1C93A1A52062C0088A2DB /* 912-gears.png in Resources */ = {isa = PBXBuildFile; fileRef = 65C1C9371A52062C0088A2DB /* 912-gears.png */; };
		65C1C93B1A52062C0088A2DB /* 912-gears@2x.png in Resources */ = {isa = PBXBuildFile; fileRef = 65C1C9381A52062C0088A2DB /* 912-gears@2x.png */; };
		65C1C93C1A52062C0088A2DB /* 912-gears@3x.png in Resources */ = {isa = PBXBuildFile; fileRef = 65C1C9391A52062C0088A2DB /* 912-gears@3x.png */; };
		65C1C93E1A5206F40088A2DB /* SetupController.swift in Sources */ = {isa = PBXBuildFile; fileRef = 65C1C93D1A5206F40088A2DB /* SetupController.swift */; };
		65C1C9421A5209090088A2DB /* 910-graph.png in Resources */ = {isa = PBXBuildFile; fileRef = 65C1C93F1A5209090088A2DB /* 910-graph.png */; };
		65C1C9431A5209090088A2DB /* 910-graph@2x.png in Resources */ = {isa = PBXBuildFile; fileRef = 65C1C9401A5209090088A2DB /* 910-graph@2x.png */; };
		65C1C9441A5209090088A2DB /* 910-graph@3x.png in Resources */ = {isa = PBXBuildFile; fileRef = 65C1C9411A5209090088A2DB /* 910-graph@3x.png */; };
		65C1C94A1A521B4A0088A2DB /* dumbells.jpg in Resources */ = {isa = PBXBuildFile; fileRef = 65C1C9491A521B4A0088A2DB /* dumbells.jpg */; };
		65C947F21B261C5A00C3024A /* Importer.swift in Sources */ = {isa = PBXBuildFile; fileRef = 65C947F11B261C5A00C3024A /* Importer.swift */; };
		65C947F31B261C5A00C3024A /* Importer.swift in Sources */ = {isa = PBXBuildFile; fileRef = 65C947F11B261C5A00C3024A /* Importer.swift */; };
		65F01A691AA4DCD0003FBBBF /* Extensions.swift in Sources */ = {isa = PBXBuildFile; fileRef = 65F01A681AA4DCD0003FBBBF /* Extensions.swift */; };
		65F01A6B1AA4DFCE003FBBBF /* AddExerciseController.swift in Sources */ = {isa = PBXBuildFile; fileRef = 65F01A6A1AA4DFCE003FBBBF /* AddExerciseController.swift */; };
/* End PBXBuildFile section */

/* Begin PBXContainerItemProxy section */
		656132C01A50B06B0036689C /* PBXContainerItemProxy */ = {
			isa = PBXContainerItemProxy;
			containerPortal = 6561329F1A50B06B0036689C /* Project object */;
			proxyType = 1;
			remoteGlobalIDString = 656132A61A50B06B0036689C;
			remoteInfo = LiftTracker;
		};
/* End PBXContainerItemProxy section */

/* Begin PBXCopyFilesBuildPhase section */
		6534F0B81B17C5110098FB87 /* Embed Frameworks */ = {
			isa = PBXCopyFilesBuildPhase;
			buildActionMask = 2147483647;
			dstPath = "";
			dstSubfolderSpec = 10;
			files = (
				6534F0BF1B17C6B90098FB87 /* RealmSwift.framework in Embed Frameworks */,
				6534F0BD1B17C6B90098FB87 /* Realm.framework in Embed Frameworks */,
			);
			name = "Embed Frameworks";
			runOnlyForDeploymentPostprocessing = 0;
		};
/* End PBXCopyFilesBuildPhase section */

/* Begin PBXFileReference section */
		6534F0BA1B17C6B90098FB87 /* Realm.framework */ = {isa = PBXFileReference; lastKnownFileType = wrapper.framework; path = Realm.framework; sourceTree = "<group>"; };
		6534F0BB1B17C6B90098FB87 /* RealmSwift.framework */ = {isa = PBXFileReference; lastKnownFileType = wrapper.framework; path = RealmSwift.framework; sourceTree = "<group>"; };
		6534F0C01B17C6CD0098FB87 /* libc++.dylib */ = {isa = PBXFileReference; lastKnownFileType = "compiled.mach-o.dylib"; name = "libc++.dylib"; path = "usr/lib/libc++.dylib"; sourceTree = SDKROOT; };
		654BA53D1A5B8367007B3B53 /* Bodypart.json */ = {isa = PBXFileReference; fileEncoding = 4; lastKnownFileType = text.json; path = Bodypart.json; sourceTree = "<group>"; };
		654BA53F1A5B83DD007B3B53 /* CoreDataStack.swift */ = {isa = PBXFileReference; fileEncoding = 4; lastKnownFileType = sourcecode.swift; path = CoreDataStack.swift; sourceTree = "<group>"; };
		656132A71A50B06B0036689C /* LiftTracker.app */ = {isa = PBXFileReference; explicitFileType = wrapper.application; includeInIndex = 0; path = LiftTracker.app; sourceTree = BUILT_PRODUCTS_DIR; };
		656132AB1A50B06B0036689C /* Info.plist */ = {isa = PBXFileReference; lastKnownFileType = text.plist.xml; path = Info.plist; sourceTree = "<group>"; };
		656132AC1A50B06B0036689C /* AppDelegate.swift */ = {isa = PBXFileReference; lastKnownFileType = sourcecode.swift; path = AppDelegate.swift; sourceTree = "<group>"; };
		656132AF1A50B06B0036689C /* LiftTracker.xcdatamodel */ = {isa = PBXFileReference; lastKnownFileType = wrapper.xcdatamodel; path = LiftTracker.xcdatamodel; sourceTree = "<group>"; };
		656132B11A50B06B0036689C /* BodypartController.swift */ = {isa = PBXFileReference; lastKnownFileType = sourcecode.swift; path = BodypartController.swift; sourceTree = "<group>"; };
		656132B41A50B06B0036689C /* Base */ = {isa = PBXFileReference; lastKnownFileType = file.storyboard; name = Base; path = Base.lproj/Main.storyboard; sourceTree = "<group>"; };
		656132B91A50B06B0036689C /* Base */ = {isa = PBXFileReference; lastKnownFileType = file.xib; name = Base; path = Base.lproj/LaunchScreen.xib; sourceTree = "<group>"; };
		656132BF1A50B06B0036689C /* LiftTrackerTests.xctest */ = {isa = PBXFileReference; explicitFileType = wrapper.cfbundle; includeInIndex = 0; path = LiftTrackerTests.xctest; sourceTree = BUILT_PRODUCTS_DIR; };
		656132C41A50B06B0036689C /* Info.plist */ = {isa = PBXFileReference; lastKnownFileType = text.plist.xml; path = Info.plist; sourceTree = "<group>"; };
		656132C51A50B06B0036689C /* CoreDataTests.swift */ = {isa = PBXFileReference; lastKnownFileType = sourcecode.swift; path = CoreDataTests.swift; sourceTree = "<group>"; };
		656132CF1A50B2940036689C /* BodypartCell.swift */ = {isa = PBXFileReference; fileEncoding = 4; lastKnownFileType = sourcecode.swift; path = BodypartCell.swift; sourceTree = "<group>"; };
		656132D11A50B2B60036689C /* ExerciseCell.swift */ = {isa = PBXFileReference; fileEncoding = 4; lastKnownFileType = sourcecode.swift; path = ExerciseCell.swift; sourceTree = "<group>"; };
		656132D31A50B8E70036689C /* ExerciseController.swift */ = {isa = PBXFileReference; fileEncoding = 4; lastKnownFileType = sourcecode.swift; path = ExerciseController.swift; sourceTree = "<group>"; };
		656132D51A50C1270036689C /* ExerciseHeaderView.swift */ = {isa = PBXFileReference; fileEncoding = 4; lastKnownFileType = sourcecode.swift; path = ExerciseHeaderView.swift; sourceTree = "<group>"; };
		656132D71A50C4EB0036689C /* LogEntryController.swift */ = {isa = PBXFileReference; fileEncoding = 4; lastKnownFileType = sourcecode.swift; path = LogEntryController.swift; sourceTree = "<group>"; };
		656132D91A50D1070036689C /* LogEntryCell.swift */ = {isa = PBXFileReference; fileEncoding = 4; lastKnownFileType = sourcecode.swift; path = LogEntryCell.swift; sourceTree = "<group>"; };
		656132DB1A50D30A0036689C /* LogEntryHeaderView.swift */ = {isa = PBXFileReference; fileEncoding = 4; lastKnownFileType = sourcecode.swift; path = LogEntryHeaderView.swift; sourceTree = "<group>"; };
		6574F65C1A806672007434C8 /* Exercise.json */ = {isa = PBXFileReference; fileEncoding = 4; lastKnownFileType = text.json; path = Exercise.json; sourceTree = "<group>"; };
		6574F65E1A80731D007434C8 /* BodypartExercise.json */ = {isa = PBXFileReference; fileEncoding = 4; lastKnownFileType = text.json; path = BodypartExercise.json; sourceTree = "<group>"; };
		658108921A5AA80800A1D380 /* Media.xcassets */ = {isa = PBXFileReference; lastKnownFileType = folder.assetcatalog; path = Media.xcassets; sourceTree = "<group>"; };
		6591636F1B1BEF950087244E /* AF+Date+Extension.swift */ = {isa = PBXFileReference; fileEncoding = 4; lastKnownFileType = sourcecode.swift; path = "AF+Date+Extension.swift"; sourceTree = "<group>"; };
		659163751B1C05D00087244E /* SwiftyJSON.swift */ = {isa = PBXFileReference; fileEncoding = 4; lastKnownFileType = sourcecode.swift; path = SwiftyJSON.swift; sourceTree = "<group>"; };
		659A4A701A9569B10042F6DF /* Exercise.swift */ = {isa = PBXFileReference; fileEncoding = 4; lastKnownFileType = sourcecode.swift; path = Exercise.swift; sourceTree = "<group>"; };
		659A4A721A9569B20042F6DF /* Bodypart.swift */ = {isa = PBXFileReference; fileEncoding = 4; lastKnownFileType = sourcecode.swift; path = Bodypart.swift; sourceTree = "<group>"; };
		659A4A741A9569F10042F6DF /* CoreData+Extensions.swift */ = {isa = PBXFileReference; fileEncoding = 4; lastKnownFileType = sourcecode.swift; path = "CoreData+Extensions.swift"; sourceTree = "<group>"; };
		65A884B31B2919790024EEA1 /* FirebaseHelper.swift */ = {isa = PBXFileReference; fileEncoding = 4; lastKnownFileType = sourcecode.swift; path = FirebaseHelper.swift; sourceTree = "<group>"; };
		65A884B61B291C090024EEA1 /* libicucore.dylib */ = {isa = PBXFileReference; lastKnownFileType = "compiled.mach-o.dylib"; name = libicucore.dylib; path = usr/lib/libicucore.dylib; sourceTree = SDKROOT; };
		65A884B81B291C1D0024EEA1 /* CFNetwork.framework */ = {isa = PBXFileReference; lastKnownFileType = wrapper.framework; name = CFNetwork.framework; path = System/Library/Frameworks/CFNetwork.framework; sourceTree = SDKROOT; };
		65A884BA1B291C270024EEA1 /* Security.framework */ = {isa = PBXFileReference; lastKnownFileType = wrapper.framework; name = Security.framework; path = System/Library/Frameworks/Security.framework; sourceTree = SDKROOT; };
		65A884BC1B291C330024EEA1 /* SystemConfiguration.framework */ = {isa = PBXFileReference; lastKnownFileType = wrapper.framework; name = SystemConfiguration.framework; path = System/Library/Frameworks/SystemConfiguration.framework; sourceTree = SDKROOT; };
		65A884C01B291CF40024EEA1 /* Firebase.framework */ = {isa = PBXFileReference; lastKnownFileType = wrapper.framework; path = Firebase.framework; sourceTree = "<group>"; };
		65A884C41B291F980024EEA1 /* FirebaseTests.swift */ = {isa = PBXFileReference; fileEncoding = 4; lastKnownFileType = sourcecode.swift; path = FirebaseTests.swift; sourceTree = "<group>"; };
		65AC65AE1B17C85F0072364E /* LiftTracker-Bridging-Header.h */ = {isa = PBXFileReference; lastKnownFileType = sourcecode.c.h; path = "LiftTracker-Bridging-Header.h"; sourceTree = SOURCE_ROOT; };
		65AC65B21B17C8B90072364E /* RealmModel.swift */ = {isa = PBXFileReference; fileEncoding = 4; lastKnownFileType = sourcecode.swift; path = RealmModel.swift; sourceTree = "<group>"; };
		65AC65B41B17CA110072364E /* RealmTests.swift */ = {isa = PBXFileReference; fileEncoding = 4; lastKnownFileType = sourcecode.swift; path = RealmTests.swift; sourceTree = "<group>"; };
		65C1C9251A5204710088A2DB /* 1091-weights.png */ = {isa = PBXFileReference; lastKnownFileType = image.png; path = "1091-weights.png"; sourceTree = "<group>"; };
		65C1C9261A5204710088A2DB /* 1091-weights@2x.png */ = {isa = PBXFileReference; lastKnownFileType = image.png; path = "1091-weights@2x.png"; sourceTree = "<group>"; };
		65C1C9271A5204710088A2DB /* 1091-weights@3x.png */ = {isa = PBXFileReference; lastKnownFileType = image.png; path = "1091-weights@3x.png"; sourceTree = "<group>"; };
		65C1C9371A52062C0088A2DB /* 912-gears.png */ = {isa = PBXFileReference; lastKnownFileType = image.png; path = "912-gears.png"; sourceTree = "<group>"; };
		65C1C9381A52062C0088A2DB /* 912-gears@2x.png */ = {isa = PBXFileReference; lastKnownFileType = image.png; path = "912-gears@2x.png"; sourceTree = "<group>"; };
		65C1C9391A52062C0088A2DB /* 912-gears@3x.png */ = {isa = PBXFileReference; lastKnownFileType = image.png; path = "912-gears@3x.png"; sourceTree = "<group>"; };
		65C1C93D1A5206F40088A2DB /* SetupController.swift */ = {isa = PBXFileReference; fileEncoding = 4; lastKnownFileType = sourcecode.swift; path = SetupController.swift; sourceTree = "<group>"; };
		65C1C93F1A5209090088A2DB /* 910-graph.png */ = {isa = PBXFileReference; lastKnownFileType = image.png; path = "910-graph.png"; sourceTree = "<group>"; };
		65C1C9401A5209090088A2DB /* 910-graph@2x.png */ = {isa = PBXFileReference; lastKnownFileType = image.png; path = "910-graph@2x.png"; sourceTree = "<group>"; };
		65C1C9411A5209090088A2DB /* 910-graph@3x.png */ = {isa = PBXFileReference; lastKnownFileType = image.png; path = "910-graph@3x.png"; sourceTree = "<group>"; };
		65C1C9491A521B4A0088A2DB /* dumbells.jpg */ = {isa = PBXFileReference; lastKnownFileType = image.jpeg; path = dumbells.jpg; sourceTree = "<group>"; };
		65C947F11B261C5A00C3024A /* Importer.swift */ = {isa = PBXFileReference; fileEncoding = 4; lastKnownFileType = sourcecode.swift; path = Importer.swift; sourceTree = "<group>"; };
		65F01A681AA4DCD0003FBBBF /* Extensions.swift */ = {isa = PBXFileReference; fileEncoding = 4; lastKnownFileType = sourcecode.swift; path = Extensions.swift; sourceTree = "<group>"; };
		65F01A6A1AA4DFCE003FBBBF /* AddExerciseController.swift */ = {isa = PBXFileReference; fileEncoding = 4; lastKnownFileType = sourcecode.swift; path = AddExerciseController.swift; sourceTree = "<group>"; };
/* End PBXFileReference section */

/* Begin PBXFrameworksBuildPhase section */
		656132A41A50B06B0036689C /* Frameworks */ = {
			isa = PBXFrameworksBuildPhase;
			buildActionMask = 2147483647;
			files = (
				65A884BD1B291C330024EEA1 /* SystemConfiguration.framework in Frameworks */,
				65A884BB1B291C270024EEA1 /* Security.framework in Frameworks */,
				65A884B91B291C1D0024EEA1 /* CFNetwork.framework in Frameworks */,
				65A884B71B291C090024EEA1 /* libicucore.dylib in Frameworks */,
				6534F0C11B17C6CD0098FB87 /* libc++.dylib in Frameworks */,
				6534F0BE1B17C6B90098FB87 /* RealmSwift.framework in Frameworks */,
				6534F0BC1B17C6B90098FB87 /* Realm.framework in Frameworks */,
				65A884C11B291CF40024EEA1 /* Firebase.framework in Frameworks */,
			);
			runOnlyForDeploymentPostprocessing = 0;
		};
		656132BC1A50B06B0036689C /* Frameworks */ = {
			isa = PBXFrameworksBuildPhase;
			buildActionMask = 2147483647;
			files = (
				65A884C21B291CF40024EEA1 /* Firebase.framework in Frameworks */,
			);
			runOnlyForDeploymentPostprocessing = 0;
		};
/* End PBXFrameworksBuildPhase section */

/* Begin PBXGroup section */
		654BA53A1A5B8136007B3B53 /* CoreDataFiles */ = {
			isa = PBXGroup;
			children = (
				656132AE1A50B06B0036689C /* LiftTracker.xcdatamodeld */,
				654BA53F1A5B83DD007B3B53 /* CoreDataStack.swift */,
				659A4A721A9569B20042F6DF /* Bodypart.swift */,
				659A4A701A9569B10042F6DF /* Exercise.swift */,
				659A4A741A9569F10042F6DF /* CoreData+Extensions.swift */,
			);
			name = CoreDataFiles;
			sourceTree = "<group>";
		};
		6561329E1A50B06B0036689C = {
			isa = PBXGroup;
			children = (
				659163731B1C00AE0087244E /* Frameworks */,
				656132A91A50B06B0036689C /* LiftTracker */,
				656132C21A50B06B0036689C /* LiftTrackerTests */,
				656132A81A50B06B0036689C /* Products */,
			);
			sourceTree = "<group>";
		};
		656132A81A50B06B0036689C /* Products */ = {
			isa = PBXGroup;
			children = (
				656132A71A50B06B0036689C /* LiftTracker.app */,
				656132BF1A50B06B0036689C /* LiftTrackerTests.xctest */,
			);
			name = Products;
			sourceTree = "<group>";
		};
		656132A91A50B06B0036689C /* LiftTracker */ = {
			isa = PBXGroup;
			children = (
				659163711B1BEFA40087244E /* 3rdParty */,
				656132AC1A50B06B0036689C /* AppDelegate.swift */,
				656132B31A50B06B0036689C /* Main.storyboard */,
				65A884C31B291D6A0024EEA1 /* UI */,
				65C947F01B261C4000C3024A /* DataAccess */,
				65C1C9241A5203E30088A2DB /* Resources */,
				656132AA1A50B06B0036689C /* Supporting Files */,
			);
			path = LiftTracker;
			sourceTree = "<group>";
		};
		656132AA1A50B06B0036689C /* Supporting Files */ = {
			isa = PBXGroup;
			children = (
				65AC65AE1B17C85F0072364E /* LiftTracker-Bridging-Header.h */,
				656132AB1A50B06B0036689C /* Info.plist */,
			);
			name = "Supporting Files";
			sourceTree = "<group>";
		};
		656132C21A50B06B0036689C /* LiftTrackerTests */ = {
			isa = PBXGroup;
			children = (
				656132C51A50B06B0036689C /* CoreDataTests.swift */,
				65A884C41B291F980024EEA1 /* FirebaseTests.swift */,
				65AC65B41B17CA110072364E /* RealmTests.swift */,
				656132C31A50B06B0036689C /* Supporting Files */,
			);
			path = LiftTrackerTests;
			sourceTree = "<group>";
		};
		656132C31A50B06B0036689C /* Supporting Files */ = {
			isa = PBXGroup;
			children = (
				656132C41A50B06B0036689C /* Info.plist */,
			);
			name = "Supporting Files";
			sourceTree = "<group>";
		};
		659163711B1BEFA40087244E /* 3rdParty */ = {
			isa = PBXGroup;
			children = (
				659163751B1C05D00087244E /* SwiftyJSON.swift */,
				6591636F1B1BEF950087244E /* AF+Date+Extension.swift */,
			);
			name = 3rdParty;
			sourceTree = "<group>";
		};
		659163731B1C00AE0087244E /* Frameworks */ = {
			isa = PBXGroup;
			children = (
				65A884C01B291CF40024EEA1 /* Firebase.framework */,
				65A884BC1B291C330024EEA1 /* SystemConfiguration.framework */,
				65A884BA1B291C270024EEA1 /* Security.framework */,
				65A884B81B291C1D0024EEA1 /* CFNetwork.framework */,
				65A884B61B291C090024EEA1 /* libicucore.dylib */,
				6534F0C01B17C6CD0098FB87 /* libc++.dylib */,
				6534F0BA1B17C6B90098FB87 /* Realm.framework */,
				6534F0BB1B17C6B90098FB87 /* RealmSwift.framework */,
			);
			name = Frameworks;
			sourceTree = "<group>";
		};
		65A884C31B291D6A0024EEA1 /* UI */ = {
			isa = PBXGroup;
			children = (
				65F01A6A1AA4DFCE003FBBBF /* AddExerciseController.swift */,
				656132CF1A50B2940036689C /* BodypartCell.swift */,
				656132B11A50B06B0036689C /* BodypartController.swift */,
				656132D11A50B2B60036689C /* ExerciseCell.swift */,
				656132D31A50B8E70036689C /* ExerciseController.swift */,
				656132D51A50C1270036689C /* ExerciseHeaderView.swift */,
				65F01A681AA4DCD0003FBBBF /* Extensions.swift */,
				656132D91A50D1070036689C /* LogEntryCell.swift */,
				656132D71A50C4EB0036689C /* LogEntryController.swift */,
				656132DB1A50D30A0036689C /* LogEntryHeaderView.swift */,
				65C1C93D1A5206F40088A2DB /* SetupController.swift */,
			);
			name = UI;
			sourceTree = "<group>";
		};
		65C1C9241A5203E30088A2DB /* Resources */ = {
			isa = PBXGroup;
			children = (
				658108921A5AA80800A1D380 /* Media.xcassets */,
				656132B81A50B06B0036689C /* LaunchScreen.xib */,
				65C1C93F1A5209090088A2DB /* 910-graph.png */,
				65C1C9401A5209090088A2DB /* 910-graph@2x.png */,
				65C1C9411A5209090088A2DB /* 910-graph@3x.png */,
				65C1C9371A52062C0088A2DB /* 912-gears.png */,
				65C1C9381A52062C0088A2DB /* 912-gears@2x.png */,
				65C1C9391A52062C0088A2DB /* 912-gears@3x.png */,
				65C1C9251A5204710088A2DB /* 1091-weights.png */,
				65C1C9261A5204710088A2DB /* 1091-weights@2x.png */,
				65C1C9271A5204710088A2DB /* 1091-weights@3x.png */,
				65C1C9491A521B4A0088A2DB /* dumbells.jpg */,
			);
			name = Resources;
			sourceTree = "<group>";
		};
		65C947F01B261C4000C3024A /* DataAccess */ = {
			isa = PBXGroup;
			children = (
				654BA53A1A5B8136007B3B53 /* CoreDataFiles */,
				654BA53D1A5B8367007B3B53 /* Bodypart.json */,
				6574F65C1A806672007434C8 /* Exercise.json */,
				6574F65E1A80731D007434C8 /* BodypartExercise.json */,
				65AC65B21B17C8B90072364E /* RealmModel.swift */,
				65C947F11B261C5A00C3024A /* Importer.swift */,
				65A884B31B2919790024EEA1 /* FirebaseHelper.swift */,
			);
			name = DataAccess;
			sourceTree = "<group>";
		};
/* End PBXGroup section */

/* Begin PBXNativeTarget section */
		656132A61A50B06B0036689C /* LiftTracker */ = {
			isa = PBXNativeTarget;
			buildConfigurationList = 656132C91A50B06B0036689C /* Build configuration list for PBXNativeTarget "LiftTracker" */;
			buildPhases = (
				656132A31A50B06B0036689C /* Sources */,
				656132A41A50B06B0036689C /* Frameworks */,
				656132A51A50B06B0036689C /* Resources */,
				6534F0B81B17C5110098FB87 /* Embed Frameworks */,
				6534F0B91B17C5950098FB87 /* ShellScript */,
			);
			buildRules = (
			);
			dependencies = (
			);
			name = LiftTracker;
			productName = LiftTracker;
			productReference = 656132A71A50B06B0036689C /* LiftTracker.app */;
			productType = "com.apple.product-type.application";
		};
		656132BE1A50B06B0036689C /* LiftTrackerTests */ = {
			isa = PBXNativeTarget;
			buildConfigurationList = 656132CC1A50B06B0036689C /* Build configuration list for PBXNativeTarget "LiftTrackerTests" */;
			buildPhases = (
				656132BB1A50B06B0036689C /* Sources */,
				656132BC1A50B06B0036689C /* Frameworks */,
				656132BD1A50B06B0036689C /* Resources */,
			);
			buildRules = (
			);
			dependencies = (
				656132C11A50B06B0036689C /* PBXTargetDependency */,
			);
			name = LiftTrackerTests;
			productName = LiftTrackerTests;
			productReference = 656132BF1A50B06B0036689C /* LiftTrackerTests.xctest */;
			productType = "com.apple.product-type.bundle.unit-test";
		};
/* End PBXNativeTarget section */

/* Begin PBXProject section */
		6561329F1A50B06B0036689C /* Project object */ = {
			isa = PBXProject;
			attributes = {
				LastSwiftUpdateCheck = 0700;
				LastUpgradeCheck = 0610;
				ORGANIZATIONNAME = Crazy8Dev;
				TargetAttributes = {
					656132A61A50B06B0036689C = {
						CreatedOnToolsVersion = 6.1.1;
					};
					656132BE1A50B06B0036689C = {
						CreatedOnToolsVersion = 6.1.1;
						TestTargetID = 656132A61A50B06B0036689C;
					};
				};
			};
			buildConfigurationList = 656132A21A50B06B0036689C /* Build configuration list for PBXProject "LiftTracker" */;
			compatibilityVersion = "Xcode 3.2";
			developmentRegion = English;
			hasScannedForEncodings = 0;
			knownRegions = (
				en,
				Base,
			);
			mainGroup = 6561329E1A50B06B0036689C;
			productRefGroup = 656132A81A50B06B0036689C /* Products */;
			projectDirPath = "";
			projectRoot = "";
			targets = (
				656132A61A50B06B0036689C /* LiftTracker */,
				656132BE1A50B06B0036689C /* LiftTrackerTests */,
			);
		};
/* End PBXProject section */

/* Begin PBXResourcesBuildPhase section */
		656132A51A50B06B0036689C /* Resources */ = {
			isa = PBXResourcesBuildPhase;
			buildActionMask = 2147483647;
			files = (
				656132B51A50B06B0036689C /* Main.storyboard in Resources */,
				65C1C9291A5204710088A2DB /* 1091-weights@2x.png in Resources */,
				658108931A5AA80800A1D380 /* Media.xcassets in Resources */,
				6574F65D1A806672007434C8 /* Exercise.json in Resources */,
				65C1C9431A5209090088A2DB /* 910-graph@2x.png in Resources */,
				654BA53E1A5B8367007B3B53 /* Bodypart.json in Resources */,
				65C1C92A1A5204710088A2DB /* 1091-weights@3x.png in Resources */,
				6574F65F1A80731D007434C8 /* BodypartExercise.json in Resources */,
				65C1C94A1A521B4A0088A2DB /* dumbells.jpg in Resources */,
				65C1C9421A5209090088A2DB /* 910-graph.png in Resources */,
				656132BA1A50B06B0036689C /* LaunchScreen.xib in Resources */,
				65C1C93A1A52062C0088A2DB /* 912-gears.png in Resources */,
				65C1C9441A5209090088A2DB /* 910-graph@3x.png in Resources */,
				65C1C9281A5204710088A2DB /* 1091-weights.png in Resources */,
				65C1C93B1A52062C0088A2DB /* 912-gears@2x.png in Resources */,
				65C1C93C1A52062C0088A2DB /* 912-gears@3x.png in Resources */,
			);
			runOnlyForDeploymentPostprocessing = 0;
		};
		656132BD1A50B06B0036689C /* Resources */ = {
			isa = PBXResourcesBuildPhase;
			buildActionMask = 2147483647;
			files = (
				659163791B1C09E70087244E /* Exercise.json in Resources */,
			);
			runOnlyForDeploymentPostprocessing = 0;
		};
/* End PBXResourcesBuildPhase section */

/* Begin PBXShellScriptBuildPhase section */
		6534F0B91B17C5950098FB87 /* ShellScript */ = {
			isa = PBXShellScriptBuildPhase;
			buildActionMask = 2147483647;
			files = (
			);
			inputPaths = (
			);
			outputPaths = (
			);
			runOnlyForDeploymentPostprocessing = 0;
			shellPath = /bin/sh;
			shellScript = "bash \"${BUILT_PRODUCTS_DIR}/${FRAMEWORKS_FOLDER_PATH}/Realm.framework/strip-frameworks.sh\"\n";
		};
/* End PBXShellScriptBuildPhase section */

/* Begin PBXSourcesBuildPhase section */
		656132A31A50B06B0036689C /* Sources */ = {
			isa = PBXSourcesBuildPhase;
			buildActionMask = 2147483647;
			files = (
				656132B21A50B06B0036689C /* BodypartController.swift in Sources */,
				656132DC1A50D30A0036689C /* LogEntryHeaderView.swift in Sources */,
				65C1C93E1A5206F40088A2DB /* SetupController.swift in Sources */,
				659163761B1C05D00087244E /* SwiftyJSON.swift in Sources */,
				656132D41A50B8E70036689C /* ExerciseController.swift in Sources */,
				656132D61A50C1270036689C /* ExerciseHeaderView.swift in Sources */,
				654BA5401A5B83DD007B3B53 /* CoreDataStack.swift in Sources */,
				656132D81A50C4EB0036689C /* LogEntryController.swift in Sources */,
				656132DA1A50D1070036689C /* LogEntryCell.swift in Sources */,
				659A4A731A9569B20042F6DF /* Bodypart.swift in Sources */,
				656132AD1A50B06B0036689C /* AppDelegate.swift in Sources */,
				65C947F21B261C5A00C3024A /* Importer.swift in Sources */,
				659A4A711A9569B10042F6DF /* Exercise.swift in Sources */,
				65F01A6B1AA4DFCE003FBBBF /* AddExerciseController.swift in Sources */,
				65F01A691AA4DCD0003FBBBF /* Extensions.swift in Sources */,
				65AC65B31B17C8B90072364E /* RealmModel.swift in Sources */,
				656132D01A50B2940036689C /* BodypartCell.swift in Sources */,
				656132D21A50B2B60036689C /* ExerciseCell.swift in Sources */,
				659A4A751A9569F10042F6DF /* CoreData+Extensions.swift in Sources */,
				659163701B1BEF950087244E /* AF+Date+Extension.swift in Sources */,
				65A884B41B2919790024EEA1 /* FirebaseHelper.swift in Sources */,
				656132B01A50B06B0036689C /* LiftTracker.xcdatamodeld in Sources */,
			);
			runOnlyForDeploymentPostprocessing = 0;
		};
		656132BB1A50B06B0036689C /* Sources */ = {
			isa = PBXSourcesBuildPhase;
			buildActionMask = 2147483647;
			files = (
				65A884B51B2919790024EEA1 /* FirebaseHelper.swift in Sources */,
				656132C61A50B06B0036689C /* CoreDataTests.swift in Sources */,
				65A884C61B291F980024EEA1 /* FirebaseTests.swift in Sources */,
				65AC65E41B17CD5D0072364E /* RealmModel.swift in Sources */,
				659163721B1BF12F0087244E /* AF+Date+Extension.swift in Sources */,
				659163771B1C06FE0087244E /* SwiftyJSON.swift in Sources */,
				65AC65B51B17CA110072364E /* RealmTests.swift in Sources */,
				65C947F31B261C5A00C3024A /* Importer.swift in Sources */,
			);
			runOnlyForDeploymentPostprocessing = 0;
		};
/* End PBXSourcesBuildPhase section */

/* Begin PBXTargetDependency section */
		656132C11A50B06B0036689C /* PBXTargetDependency */ = {
			isa = PBXTargetDependency;
			target = 656132A61A50B06B0036689C /* LiftTracker */;
			targetProxy = 656132C01A50B06B0036689C /* PBXContainerItemProxy */;
		};
/* End PBXTargetDependency section */

/* Begin PBXVariantGroup section */
		656132B31A50B06B0036689C /* Main.storyboard */ = {
			isa = PBXVariantGroup;
			children = (
				656132B41A50B06B0036689C /* Base */,
			);
			name = Main.storyboard;
			sourceTree = "<group>";
		};
		656132B81A50B06B0036689C /* LaunchScreen.xib */ = {
			isa = PBXVariantGroup;
			children = (
				656132B91A50B06B0036689C /* Base */,
			);
			name = LaunchScreen.xib;
			sourceTree = "<group>";
		};
/* End PBXVariantGroup section */

/* Begin XCBuildConfiguration section */
		656132C71A50B06B0036689C /* Debug */ = {
			isa = XCBuildConfiguration;
			buildSettings = {
				ALWAYS_SEARCH_USER_PATHS = NO;
				CLANG_CXX_LANGUAGE_STANDARD = "gnu++0x";
				CLANG_CXX_LIBRARY = "libc++";
				CLANG_ENABLE_MODULES = YES;
				CLANG_ENABLE_OBJC_ARC = YES;
				CLANG_WARN_BOOL_CONVERSION = YES;
				CLANG_WARN_CONSTANT_CONVERSION = YES;
				CLANG_WARN_DIRECT_OBJC_ISA_USAGE = YES_ERROR;
				CLANG_WARN_EMPTY_BODY = YES;
				CLANG_WARN_ENUM_CONVERSION = YES;
				CLANG_WARN_INT_CONVERSION = YES;
				CLANG_WARN_OBJC_ROOT_CLASS = YES_ERROR;
				CLANG_WARN_UNREACHABLE_CODE = YES;
				CLANG_WARN__DUPLICATE_METHOD_MATCH = YES;
				"CODE_SIGN_IDENTITY[sdk=iphoneos*]" = "iPhone Developer";
				COPY_PHASE_STRIP = NO;
				ENABLE_STRICT_OBJC_MSGSEND = YES;
				GCC_C_LANGUAGE_STANDARD = gnu99;
				GCC_DYNAMIC_NO_PIC = NO;
				GCC_OPTIMIZATION_LEVEL = 0;
				GCC_PREPROCESSOR_DEFINITIONS = (
					"DEBUG=1",
					"$(inherited)",
				);
				GCC_SYMBOLS_PRIVATE_EXTERN = NO;
				GCC_WARN_64_TO_32_BIT_CONVERSION = YES;
				GCC_WARN_ABOUT_RETURN_TYPE = YES_ERROR;
				GCC_WARN_UNDECLARED_SELECTOR = YES;
				GCC_WARN_UNINITIALIZED_AUTOS = YES_AGGRESSIVE;
				GCC_WARN_UNUSED_FUNCTION = YES;
				GCC_WARN_UNUSED_VARIABLE = YES;
				IPHONEOS_DEPLOYMENT_TARGET = 8.1;
				MTL_ENABLE_DEBUG_INFO = YES;
				ONLY_ACTIVE_ARCH = YES;
				SDKROOT = iphoneos;
				SWIFT_OPTIMIZATION_LEVEL = "-Onone";
			};
			name = Debug;
		};
		656132C81A50B06B0036689C /* Release */ = {
			isa = XCBuildConfiguration;
			buildSettings = {
				ALWAYS_SEARCH_USER_PATHS = NO;
				CLANG_CXX_LANGUAGE_STANDARD = "gnu++0x";
				CLANG_CXX_LIBRARY = "libc++";
				CLANG_ENABLE_MODULES = YES;
				CLANG_ENABLE_OBJC_ARC = YES;
				CLANG_WARN_BOOL_CONVERSION = YES;
				CLANG_WARN_CONSTANT_CONVERSION = YES;
				CLANG_WARN_DIRECT_OBJC_ISA_USAGE = YES_ERROR;
				CLANG_WARN_EMPTY_BODY = YES;
				CLANG_WARN_ENUM_CONVERSION = YES;
				CLANG_WARN_INT_CONVERSION = YES;
				CLANG_WARN_OBJC_ROOT_CLASS = YES_ERROR;
				CLANG_WARN_UNREACHABLE_CODE = YES;
				CLANG_WARN__DUPLICATE_METHOD_MATCH = YES;
				"CODE_SIGN_IDENTITY[sdk=iphoneos*]" = "iPhone Developer";
				COPY_PHASE_STRIP = YES;
				ENABLE_NS_ASSERTIONS = NO;
				ENABLE_STRICT_OBJC_MSGSEND = YES;
				GCC_C_LANGUAGE_STANDARD = gnu99;
				GCC_WARN_64_TO_32_BIT_CONVERSION = YES;
				GCC_WARN_ABOUT_RETURN_TYPE = YES_ERROR;
				GCC_WARN_UNDECLARED_SELECTOR = YES;
				GCC_WARN_UNINITIALIZED_AUTOS = YES_AGGRESSIVE;
				GCC_WARN_UNUSED_FUNCTION = YES;
				GCC_WARN_UNUSED_VARIABLE = YES;
				IPHONEOS_DEPLOYMENT_TARGET = 8.1;
				MTL_ENABLE_DEBUG_INFO = NO;
				SDKROOT = iphoneos;
				VALIDATE_PRODUCT = YES;
			};
			name = Release;
		};
		656132CA1A50B06B0036689C /* Debug */ = {
			isa = XCBuildConfiguration;
			buildSettings = {
				ASSETCATALOG_COMPILER_APPICON_NAME = AppIcon;
				ASSETCATALOG_COMPILER_LAUNCHIMAGE_NAME = LaunchImage;
				CLANG_ENABLE_MODULES = YES;
				FRAMEWORK_SEARCH_PATHS = (
					"$(inherited)",
					"$(PROJECT_DIR)",
					/Users/tommy/Downloads,
				);
				INFOPLIST_FILE = LiftTracker/Info.plist;
				LD_RUNPATH_SEARCH_PATHS = "$(inherited) @executable_path/Frameworks";
				OTHER_LDFLAGS = "-ObjC";
				PRODUCT_NAME = "$(TARGET_NAME)";
				SWIFT_OBJC_BRIDGING_HEADER = "LiftTracker-Bridging-Header.h";
				SWIFT_OPTIMIZATION_LEVEL = "-Onone";
			};
			name = Debug;
		};
		656132CB1A50B06B0036689C /* Release */ = {
			isa = XCBuildConfiguration;
			buildSettings = {
				ASSETCATALOG_COMPILER_APPICON_NAME = AppIcon;
				ASSETCATALOG_COMPILER_LAUNCHIMAGE_NAME = LaunchImage;
				CLANG_ENABLE_MODULES = YES;
				FRAMEWORK_SEARCH_PATHS = (
					"$(inherited)",
					"$(PROJECT_DIR)",
					/Users/tommy/Downloads,
				);
				INFOPLIST_FILE = LiftTracker/Info.plist;
				LD_RUNPATH_SEARCH_PATHS = "$(inherited) @executable_path/Frameworks";
				OTHER_LDFLAGS = "-ObjC";
				PRODUCT_NAME = "$(TARGET_NAME)";
				SWIFT_OBJC_BRIDGING_HEADER = "LiftTracker-Bridging-Header.h";
			};
			name = Release;
		};
		656132CD1A50B06B0036689C /* Debug */ = {
			isa = XCBuildConfiguration;
			buildSettings = {
				BUNDLE_LOADER = "$(TEST_HOST)";
				FRAMEWORK_SEARCH_PATHS = (
					"$(SDKROOT)/Developer/Library/Frameworks",
					"$(inherited)",
					"$(PROJECT_DIR)",
				);
				GCC_PREPROCESSOR_DEFINITIONS = (
					"DEBUG=1",
					"$(inherited)",
				);
				INFOPLIST_FILE = LiftTrackerTests/Info.plist;
				LD_RUNPATH_SEARCH_PATHS = "$(inherited) @executable_path/Frameworks @loader_path/Frameworks";
				PRODUCT_NAME = "$(TARGET_NAME)";
				TEST_HOST = "$(BUILT_PRODUCTS_DIR)/LiftTracker.app/LiftTracker";
			};
			name = Debug;
		};
		656132CE1A50B06B0036689C /* Release */ = {
			isa = XCBuildConfiguration;
			buildSettings = {
				BUNDLE_LOADER = "$(TEST_HOST)";
				FRAMEWORK_SEARCH_PATHS = (
					"$(SDKROOT)/Developer/Library/Frameworks",
					"$(inherited)",
					"$(PROJECT_DIR)",
				);
				INFOPLIST_FILE = LiftTrackerTests/Info.plist;
				LD_RUNPATH_SEARCH_PATHS = "$(inherited) @executable_path/Frameworks @loader_path/Frameworks";
				PRODUCT_NAME = "$(TARGET_NAME)";
				TEST_HOST = "$(BUILT_PRODUCTS_DIR)/LiftTracker.app/LiftTracker";
			};
			name = Release;
		};
/* End XCBuildConfiguration section */

/* Begin XCConfigurationList section */
		656132A21A50B06B0036689C /* Build configuration list for PBXProject "LiftTracker" */ = {
			isa = XCConfigurationList;
			buildConfigurations = (
				656132C71A50B06B0036689C /* Debug */,
				656132C81A50B06B0036689C /* Release */,
			);
			defaultConfigurationIsVisible = 0;
			defaultConfigurationName = Release;
		};
		656132C91A50B06B0036689C /* Build configuration list for PBXNativeTarget "LiftTracker" */ = {
			isa = XCConfigurationList;
			buildConfigurations = (
				656132CA1A50B06B0036689C /* Debug */,
				656132CB1A50B06B0036689C /* Release */,
			);
			defaultConfigurationIsVisible = 0;
			defaultConfigurationName = Release;
		};
		656132CC1A50B06B0036689C /* Build configuration list for PBXNativeTarget "LiftTrackerTests" */ = {
			isa = XCConfigurationList;
			buildConfigurations = (
				656132CD1A50B06B0036689C /* Debug */,
				656132CE1A50B06B0036689C /* Release */,
			);
			defaultConfigurationIsVisible = 0;
			defaultConfigurationName = Release;
		};
/* End XCConfigurationList section */

/* Begin XCVersionGroup section */
		656132AE1A50B06B0036689C /* LiftTracker.xcdatamodeld */ = {
			isa = XCVersionGroup;
			children = (
				656132AF1A50B06B0036689C /* LiftTracker.xcdatamodel */,
			);
			currentVersion = 656132AF1A50B06B0036689C /* LiftTracker.xcdatamodel */;
			path = LiftTracker.xcdatamodeld;
			sourceTree = "<group>";
			versionGroupType = wrapper.xcdatamodel;
		};
/* End XCVersionGroup section */
	};
	rootObject = 6561329F1A50B06B0036689C /* Project object */;
}
